<?xml version="1.0" encoding="utf-8"?>
<Project ToolsVersion="4.0" xmlns="http://schemas.microsoft.com/developer/msbuild/2003">
  <ItemGroup>
    <Filter Include="Source Files">
      <UniqueIdentifier>{4FC737F1-C7A5-4376-A066-2A32D752A2FF}</UniqueIdentifier>
      <Extensions>qml;cpp;c;cc;cxx;def;odl;idl;hpj;bat;asm;asmx</Extensions>
    </Filter>
    <Filter Include="Header Files">
      <UniqueIdentifier>{93995380-89BD-4b04-88EB-625FBE52EBFB}</UniqueIdentifier>
      <Extensions>h;hh;hpp;hxx;hm;inl;inc;xsd</Extensions>
    </Filter>
    <Filter Include="Header Files\gui">
      <UniqueIdentifier>{6f2e1a6b-e493-4dc3-b02f-22a077825c7d}</UniqueIdentifier>
    </Filter>
    <Filter Include="Header Files\game">
      <UniqueIdentifier>{145c8f01-adf8-4dc3-a486-a60663324ac2}</UniqueIdentifier>
    </Filter>
    <Filter Include="Source Files\game">
      <UniqueIdentifier>{be13be87-66cc-4276-b065-87be50d0cb1b}</UniqueIdentifier>
    </Filter>
    <Filter Include="Source Files\gui">
      <UniqueIdentifier>{9a44cac1-493f-4583-affa-92d09aa03549}</UniqueIdentifier>
    </Filter>
    <Filter Include="Header Files\utils">
      <UniqueIdentifier>{90be9440-40b8-4f70-b61a-341f20221b2a}</UniqueIdentifier>
    </Filter>
    <Filter Include="Source Files\utils">
      <UniqueIdentifier>{f05b5c2b-97d9-4b62-b007-3d8c789255e3}</UniqueIdentifier>
    </Filter>
    <Filter Include="Source Files\moveGeneration">
      <UniqueIdentifier>{dd1bce3f-c7e2-4765-975c-5685060c446e}</UniqueIdentifier>
    </Filter>
    <Filter Include="Header Files\moveGeneration">
      <UniqueIdentifier>{b2429fb8-85cf-474c-9ae0-c56da0cda0ff}</UniqueIdentifier>
    </Filter>
    <Filter Include="Header Files\engines">
      <UniqueIdentifier>{d8da32a6-21a5-4c25-8784-6fbade0e424c}</UniqueIdentifier>
    </Filter>
    <Filter Include="Source Files\engines">
      <UniqueIdentifier>{f25f2149-5c35-47c4-b333-b22a13af76f8}</UniqueIdentifier>
    </Filter>
    <Filter Include="Resource Files">
      <UniqueIdentifier>{67DA6AB6-F800-4c08-8B7A-83BB121AAD01}</UniqueIdentifier>
      <Extensions>qrc;rc;ico;cur;bmp;dlg;rc2;rct;bin;rgs;gif;jpg;jpeg;jpe;resx;tiff;tif;png;wav;mfcribbon-ms</Extensions>
    </Filter>
  </ItemGroup>
  <ItemGroup>
    <ClCompile Include="src\main.cpp">
      <Filter>Source Files</Filter>
    </ClCompile>
    <ClCompile Include="src\piece.cpp">
      <Filter>Source Files\game</Filter>
    </ClCompile>
    <ClCompile Include="src\board.cpp">
      <Filter>Source Files\game</Filter>
    </ClCompile>
    <ClCompile Include="src\move.cpp">
      <Filter>Source Files\game</Filter>
    </ClCompile>
    <ClCompile Include="src\utils.cpp">
      <Filter>Source Files\utils</Filter>
    </ClCompile>
    <ClCompile Include="src\zobrist.cpp">
      <Filter>Source Files\utils</Filter>
    </ClCompile>
    <ClCompile Include="src\moveGenerator.cpp">
      <Filter>Source Files\moveGeneration</Filter>
    </ClCompile>
    <ClCompile Include="src\counter.h">
      <Filter>Header Files\engines</Filter>
    </ClCompile>
    <ClCompile Include="src\engine.h">
      <Filter>Header Files\engines</Filter>
    </ClCompile>
    <ClCompile Include="src\counter.cpp">
      <Filter>Source Files\engines</Filter>
    </ClCompile>
    <ClCompile Include="src\precomputedGameData.cpp">
      <Filter>Source Files\game</Filter>
    </ClCompile>
    <ClCompile Include="src\gui\engineWorker.cpp">
      <Filter>Source Files\gui</Filter>
    </ClCompile>
    <ClCompile Include="src\gui\dialogWidget.cpp">
      <Filter>Source Files\gui</Filter>
    </ClCompile>
    <ClCompile Include="src\gui\gameWidget.cpp">
      <Filter>Source Files\gui</Filter>
    </ClCompile>
    <ClCompile Include="src\gui\optionsWidget.cpp">
      <Filter>Source Files\gui</Filter>
    </ClCompile>
    <ClCompile Include="src\gui\chess.cpp">
      <Filter>Source Files\gui</Filter>
    </ClCompile>
  </ItemGroup>
  <ItemGroup>
    <QtMoc Include="src\gui\dialogWidget.h">
      <Filter>Header Files\gui</Filter>
    </QtMoc>
    <QtMoc Include="src\gui\gameWidget.h">
      <Filter>Header Files\gui</Filter>
    </QtMoc>
    <QtMoc Include="src\gui\engineWorker.h">
      <Filter>Header Files\gui</Filter>
    </QtMoc>
    <QtMoc Include="src\gui\optionsWidget.h">
      <Filter>Header Files\gui</Filter>
    </QtMoc>
    <QtMoc Include="src\gui\chess.h">
      <Filter>Header Files\gui</Filter>
    </QtMoc>
  </ItemGroup>
  <ItemGroup>
    <ClInclude Include="src\piece.h">
      <Filter>Header Files\game</Filter>
    </ClInclude>
    <ClInclude Include="src\move.h">
      <Filter>Header Files\game</Filter>
    </ClInclude>
    <ClInclude Include="src\board.h">
      <Filter>Header Files\game</Filter>
    </ClInclude>
    <ClInclude Include="src\utils.h">
      <Filter>Header Files\utils</Filter>
    </ClInclude>
    <ClInclude Include="src\zobrist.h">
      <Filter>Header Files\utils</Filter>
    </ClInclude>
    <ClInclude Include="src\moveGenerator.h">
      <Filter>Header Files\moveGeneration</Filter>
    </ClInclude>
    <ClInclude Include="src\precomputedGameData.h">
      <Filter>Header Files\game</Filter>
    </ClInclude>
  </ItemGroup>
  <ItemGroup>
    <Text Include="boardIndices.txt" />
    <Text Include="test positions.txt" />
  </ItemGroup>
  <ItemGroup>
    <Image Include="src\resources\chess pieces.png">
      <Filter>Resource Files</Filter>
    </Image>
    <Image Include="src\resources\flip board.png">
      <Filter>Resource Files</Filter>
    </Image>
  </ItemGroup>
</Project>